
Microsoft Visual Studio Solution File, Format Version 12.00
# Visual Studio Version 16
VisualStudioVersion = 16.0.32630.194
MinimumVisualStudioVersion = 10.0.40219.1
Project("{9A19103F-16F7-4668-BE54-9A1E7A4F7556}") = "Ping9719.WpfEx", "Ping9719.WpfEx\Ping9719.WpfEx.csproj", "{DC38E6F1-F62E-4DE6-A9A7-432C7EE9E32C}"
EndProject
Global
	GlobalSection(SolutionConfigurationPlatforms) = preSolution
		Debug|Any CPU = Debug|Any CPU
		Release|Any CPU = Release|Any CPU
	EndGlobalSection
	GlobalSection(ProjectConfigurationPlatforms) = postSolution
		{DC38E6F1-F62E-4DE6-A9A7-432C7EE9E32C}.Debug|Any CPU.ActiveCfg = Debug|Any CPU
		{DC38E6F1-F62E-4DE6-A9A7-432C7EE9E32C}.Debug|Any CPU.Build.0 = Debug|Any CPU
		{DC38E6F1-F62E-4DE6-A9A7-432C7EE9E32C}.Release|Any CPU.ActiveCfg = Release|Any CPU
		{DC38E6F1-F62E-4DE6-A9A7-432C7EE9E32C}.Release|Any CPU.Build.0 = Release|Any CPU
	EndGlobalSection
	GlobalSection(SolutionProperties) = preSolution
		HideSolutionNode = FALSE
	EndGlobalSection
	GlobalSection(ExtensibilityGlobals) = postSolution
		SolutionGuid = {66F717C3-2342-4F22-970E-5113F4302F45}
	EndGlobalSection
EndGlobal
